
Microsoft Visual Studio Solution File, Format Version 12.00
# Visual Studio Version 16
VisualStudioVersion = 16.0.29806.167
MinimumVisualStudioVersion = 10.0.40219.1
Project("{FAE04EC0-301F-11D3-BF4B-00C04F79EFBC}") = "AnalyseurSyntaxique", "AnalyseurSyntaxique\AnalyseurSyntaxique.csproj", "{1CFAD6E4-5242-4E1A-A080-D66D402A4130}"
EndProject
Project("{FAE04EC0-301F-11D3-BF4B-00C04F79EFBC}") = "Services", "Services\Services.csproj", "{1652FD8E-BCAE-40A9-A12C-0C6AE3E24386}"
EndProject
Global
	GlobalSection(SolutionConfigurationPlatforms) = preSolution
		Debug|Any CPU = Debug|Any CPU
		Release|Any CPU = Release|Any CPU
	EndGlobalSection
	GlobalSection(ProjectConfigurationPlatforms) = postSolution
		{1CFAD6E4-5242-4E1A-A080-D66D402A4130}.Debug|Any CPU.ActiveCfg = Debug|Any CPU
		{1CFAD6E4-5242-4E1A-A080-D66D402A4130}.Debug|Any CPU.Build.0 = Debug|Any CPU
		{1CFAD6E4-5242-4E1A-A080-D66D402A4130}.Release|Any CPU.ActiveCfg = Release|Any CPU
		{1CFAD6E4-5242-4E1A-A080-D66D402A4130}.Release|Any CPU.Build.0 = Release|Any CPU
		{1652FD8E-BCAE-40A9-A12C-0C6AE3E24386}.Debug|Any CPU.ActiveCfg = Debug|Any CPU
		{1652FD8E-BCAE-40A9-A12C-0C6AE3E24386}.Debug|Any CPU.Build.0 = Debug|Any CPU
		{1652FD8E-BCAE-40A9-A12C-0C6AE3E24386}.Release|Any CPU.ActiveCfg = Release|Any CPU
		{1652FD8E-BCAE-40A9-A12C-0C6AE3E24386}.Release|Any CPU.Build.0 = Release|Any CPU
	EndGlobalSection
	GlobalSection(SolutionProperties) = preSolution
		HideSolutionNode = FALSE
	EndGlobalSection
	GlobalSection(ExtensibilityGlobals) = postSolution
		SolutionGuid = {C961E5E4-741A-4161-AADD-60DC4BC60BE8}
	EndGlobalSection
EndGlobal
